// !$*UTF8*$!
{
	archiveVersion = 1;
	classes = {
	};
	objectVersion = 56;
	objects = {

/* Begin PBXBuildFile section */
		4D9156DF29CA235200F16FB2 /* Charts1App.swift in Sources */ = {isa = PBXBuildFile; fileRef = 4D9156DE29CA235200F16FB2 /* Charts1App.swift */; };
		4D9156E129CA235200F16FB2 /* ContentView.swift in Sources */ = {isa = PBXBuildFile; fileRef = 4D9156E029CA235200F16FB2 /* ContentView.swift */; };
		4D9156E329CA235300F16FB2 /* Assets.xcassets in Resources */ = {isa = PBXBuildFile; fileRef = 4D9156E229CA235300F16FB2 /* Assets.xcassets */; };
		4D9156E629CA235300F16FB2 /* Preview Assets.xcassets in Resources */ = {isa = PBXBuildFile; fileRef = 4D9156E529CA235300F16FB2 /* Preview Assets.xcassets */; };
		4D9156ED29CA239900F16FB2 /* ChartByMonthView.swift in Sources */ = {isa = PBXBuildFile; fileRef = 4D9156EC29CA239900F16FB2 /* ChartByMonthView.swift */; };
		4D9156EF29CA23D900F16FB2 /* PreviewData.swift in Sources */ = {isa = PBXBuildFile; fileRef = 4D9156EE29CA23D900F16FB2 /* PreviewData.swift */; };
		4D9156F129CA23FB00F16FB2 /* Meter.swift in Sources */ = {isa = PBXBuildFile; fileRef = 4D9156F029CA23FA00F16FB2 /* Meter.swift */; };
		4D9156F329CA241100F16FB2 /* Reading.swift in Sources */ = {isa = PBXBuildFile; fileRef = 4D9156F229CA241100F16FB2 /* Reading.swift */; };
		4D9156F529CA241F00F16FB2 /* ReadingByYear.swift in Sources */ = {isa = PBXBuildFile; fileRef = 4D9156F429CA241E00F16FB2 /* ReadingByYear.swift */; };
		4D9156F729CA248900F16FB2 /* Enums.swift in Sources */ = {isa = PBXBuildFile; fileRef = 4D9156F629CA248900F16FB2 /* Enums.swift */; };
		4D9156F929CA250F00F16FB2 /* ExtensionDate.swift in Sources */ = {isa = PBXBuildFile; fileRef = 4D9156F829CA250F00F16FB2 /* ExtensionDate.swift */; };
		4D9156FB29CA252100F16FB2 /* Location.swift in Sources */ = {isa = PBXBuildFile; fileRef = 4D9156FA29CA252100F16FB2 /* Location.swift */; };
		4DA4904029CB21A5008BE43A /* ChartByYearView.swift in Sources */ = {isa = PBXBuildFile; fileRef = 4DA4903F29CB21A5008BE43A /* ChartByYearView.swift */; };
/* End PBXBuildFile section */

/* Begin PBXFileReference section */
		4D9156DB29CA235200F16FB2 /* Charts1.app */ = {isa = PBXFileReference; explicitFileType = wrapper.application; includeInIndex = 0; path = Charts1.app; sourceTree = BUILT_PRODUCTS_DIR; };
		4D9156DE29CA235200F16FB2 /* Charts1App.swift */ = {isa = PBXFileReference; lastKnownFileType = sourcecode.swift; path = Charts1App.swift; sourceTree = "<group>"; };
		4D9156E029CA235200F16FB2 /* ContentView.swift */ = {isa = PBXFileReference; lastKnownFileType = sourcecode.swift; path = ContentView.swift; sourceTree = "<group>"; };
		4D9156E229CA235300F16FB2 /* Assets.xcassets */ = {isa = PBXFileReference; lastKnownFileType = folder.assetcatalog; path = Assets.xcassets; sourceTree = "<group>"; };
		4D9156E529CA235300F16FB2 /* Preview Assets.xcassets */ = {isa = PBXFileReference; lastKnownFileType = folder.assetcatalog; path = "Preview Assets.xcassets"; sourceTree = "<group>"; };
		4D9156EC29CA239900F16FB2 /* ChartByMonthView.swift */ = {isa = PBXFileReference; lastKnownFileType = sourcecode.swift; path = ChartByMonthView.swift; sourceTree = "<group>"; };
		4D9156EE29CA23D900F16FB2 /* PreviewData.swift */ = {isa = PBXFileReference; lastKnownFileType = sourcecode.swift; path = PreviewData.swift; sourceTree = "<group>"; };
		4D9156F029CA23FA00F16FB2 /* Meter.swift */ = {isa = PBXFileReference; fileEncoding = 4; lastKnownFileType = sourcecode.swift; path = Meter.swift; sourceTree = "<group>"; };
		4D9156F229CA241100F16FB2 /* Reading.swift */ = {isa = PBXFileReference; fileEncoding = 4; lastKnownFileType = sourcecode.swift; path = Reading.swift; sourceTree = "<group>"; };
		4D9156F429CA241E00F16FB2 /* ReadingByYear.swift */ = {isa = PBXFileReference; fileEncoding = 4; lastKnownFileType = sourcecode.swift; path = ReadingByYear.swift; sourceTree = "<group>"; };
		4D9156F629CA248900F16FB2 /* Enums.swift */ = {isa = PBXFileReference; fileEncoding = 4; lastKnownFileType = sourcecode.swift; path = Enums.swift; sourceTree = "<group>"; };
		4D9156F829CA250F00F16FB2 /* ExtensionDate.swift */ = {isa = PBXFileReference; fileEncoding = 4; lastKnownFileType = sourcecode.swift; path = ExtensionDate.swift; sourceTree = "<group>"; };
		4D9156FA29CA252100F16FB2 /* Location.swift */ = {isa = PBXFileReference; fileEncoding = 4; lastKnownFileType = sourcecode.swift; path = Location.swift; sourceTree = "<group>"; };
		4DA4903F29CB21A5008BE43A /* ChartByYearView.swift */ = {isa = PBXFileReference; lastKnownFileType = sourcecode.swift; path = ChartByYearView.swift; sourceTree = "<group>"; };
/* End PBXFileReference section */

/* Begin PBXFrameworksBuildPhase section */
		4D9156D829CA235200F16FB2 /* Frameworks */ = {
			isa = PBXFrameworksBuildPhase;
			buildActionMask = 2147483647;
			files = (
			);
			runOnlyForDeploymentPostprocessing = 0;
		};
/* End PBXFrameworksBuildPhase section */

/* Begin PBXGroup section */
		4D9156D229CA235200F16FB2 = {
			isa = PBXGroup;
			children = (
				4D9156DD29CA235200F16FB2 /* Charts1 */,
				4D9156DC29CA235200F16FB2 /* Products */,
			);
			sourceTree = "<group>";
		};
		4D9156DC29CA235200F16FB2 /* Products */ = {
			isa = PBXGroup;
			children = (
				4D9156DB29CA235200F16FB2 /* Charts1.app */,
			);
			name = Products;
			sourceTree = "<group>";
		};
		4D9156DD29CA235200F16FB2 /* Charts1 */ = {
			isa = PBXGroup;
			children = (
				4D9156DE29CA235200F16FB2 /* Charts1App.swift */,
				4D9156E029CA235200F16FB2 /* ContentView.swift */,
				4D9156E229CA235300F16FB2 /* Assets.xcassets */,
				4D9156E429CA235300F16FB2 /* Preview Content */,
				4D9156EC29CA239900F16FB2 /* ChartByMonthView.swift */,
				4D9156EE29CA23D900F16FB2 /* PreviewData.swift */,
				4D9156FA29CA252100F16FB2 /* Location.swift */,
				4D9156F029CA23FA00F16FB2 /* Meter.swift */,
				4D9156F229CA241100F16FB2 /* Reading.swift */,
				4D9156F429CA241E00F16FB2 /* ReadingByYear.swift */,
				4D9156F629CA248900F16FB2 /* Enums.swift */,
				4D9156F829CA250F00F16FB2 /* ExtensionDate.swift */,
				4DA4903F29CB21A5008BE43A /* ChartByYearView.swift */,
			);
			path = Charts1;
			sourceTree = "<group>";
		};
		4D9156E429CA235300F16FB2 /* Preview Content */ = {
			isa = PBXGroup;
			children = (
				4D9156E529CA235300F16FB2 /* Preview Assets.xcassets */,
			);
			path = "Preview Content";
			sourceTree = "<group>";
		};
/* End PBXGroup section */

/* Begin PBXNativeTarget section */
		4D9156DA29CA235200F16FB2 /* Charts1 */ = {
			isa = PBXNativeTarget;
			buildConfigurationList = 4D9156E929CA235300F16FB2 /* Build configuration list for PBXNativeTarget "Charts1" */;
			buildPhases = (
				4D9156D729CA235200F16FB2 /* Sources */,
				4D9156D829CA235200F16FB2 /* Frameworks */,
				4D9156D929CA235200F16FB2 /* Resources */,
			);
			buildRules = (
			);
			dependencies = (
			);
			name = Charts1;
			productName = Charts1;
			productReference = 4D9156DB29CA235200F16FB2 /* Charts1.app */;
			productType = "com.apple.product-type.application";
		};
/* End PBXNativeTarget section */

/* Begin PBXProject section */
		4D9156D329CA235200F16FB2 /* Project object */ = {
			isa = PBXProject;
			attributes = {
				BuildIndependentTargetsInParallel = 1;
				LastSwiftUpdateCheck = 1420;
				LastUpgradeCheck = 1420;
				TargetAttributes = {
					4D9156DA29CA235200F16FB2 = {
						CreatedOnToolsVersion = 14.2;
					};
				};
			};
			buildConfigurationList = 4D9156D629CA235200F16FB2 /* Build configuration list for PBXProject "Charts1" */;
			compatibilityVersion = "Xcode 14.0";
			developmentRegion = en;
			hasScannedForEncodings = 0;
			knownRegions = (
				en,
				Base,
			);
			mainGroup = 4D9156D229CA235200F16FB2;
			productRefGroup = 4D9156DC29CA235200F16FB2 /* Products */;
			projectDirPath = "";
			projectRoot = "";
			targets = (
				4D9156DA29CA235200F16FB2 /* Charts1 */,
			);
		};
/* End PBXProject section */

/* Begin PBXResourcesBuildPhase section */
		4D9156D929CA235200F16FB2 /* Resources */ = {
			isa = PBXResourcesBuildPhase;
			buildActionMask = 2147483647;
			files = (
				4D9156E629CA235300F16FB2 /* Preview Assets.xcassets in Resources */,
				4D9156E329CA235300F16FB2 /* Assets.xcassets in Resources */,
			);
			runOnlyForDeploymentPostprocessing = 0;
		};
/* End PBXResourcesBuildPhase section */

/* Begin PBXSourcesBuildPhase section */
		4D9156D729CA235200F16FB2 /* Sources */ = {
			isa = PBXSourcesBuildPhase;
			buildActionMask = 2147483647;
			files = (
				4D9156EF29CA23D900F16FB2 /* PreviewData.swift in Sources */,
				4D9156ED29CA239900F16FB2 /* ChartByMonthView.swift in Sources */,
				4D9156FB29CA252100F16FB2 /* Location.swift in Sources */,
				4D9156F329CA241100F16FB2 /* Reading.swift in Sources */,
				4D9156F529CA241F00F16FB2 /* ReadingByYear.swift in Sources */,
				4DA4904029CB21A5008BE43A /* ChartByYearView.swift in Sources */,
				4D9156F129CA23FB00F16FB2 /* Meter.swift in Sources */,
				4D9156E129CA235200F16FB2 /* ContentView.swift in Sources */,
				4D9156F729CA248900F16FB2 /* Enums.swift in Sources */,
				4D9156F929CA250F00F16FB2 /* ExtensionDate.swift in Sources */,
				4D9156DF29CA235200F16FB2 /* Charts1App.swift in Sources */,
			);
			runOnlyForDeploymentPostprocessing = 0;
		};
/* End PBXSourcesBuildPhase section */

/* Begin XCBuildConfiguration section */
		4D9156E729CA235300F16FB2 /* Debug */ = {
			isa = XCBuildConfiguration;
			buildSettings = {
				ALWAYS_SEARCH_USER_PATHS = NO;
				CLANG_ANALYZER_NONNULL = YES;
				CLANG_ANALYZER_NUMBER_OBJECT_CONVERSION = YES_AGGRESSIVE;
				CLANG_CXX_LANGUAGE_STANDARD = "gnu++20";
				CLANG_ENABLE_MODULES = YES;
				CLANG_ENABLE_OBJC_ARC = YES;
				CLANG_ENABLE_OBJC_WEAK = YES;
				CLANG_WARN_BLOCK_CAPTURE_AUTORELEASING = YES;
				CLANG_WARN_BOOL_CONVERSION = YES;
				CLANG_WARN_COMMA = YES;
				CLANG_WARN_CONSTANT_CONVERSION = YES;
				CLANG_WARN_DEPRECATED_OBJC_IMPLEMENTATIONS = YES;
				CLANG_WARN_DIRECT_OBJC_ISA_USAGE = YES_ERROR;
				CLANG_WARN_DOCUMENTATION_COMMENTS = YES;
				CLANG_WARN_EMPTY_BODY = YES;
				CLANG_WARN_ENUM_CONVERSION = YES;
				CLANG_WARN_INFINITE_RECURSION = YES;
				CLANG_WARN_INT_CONVERSION = YES;
				CLANG_WARN_NON_LITERAL_NULL_CONVERSION = YES;
				CLANG_WARN_OBJC_IMPLICIT_RETAIN_SELF = YES;
				CLANG_WARN_OBJC_LITERAL_CONVERSION = YES;
				CLANG_WARN_OBJC_ROOT_CLASS = YES_ERROR;
				CLANG_WARN_QUOTED_INCLUDE_IN_FRAMEWORK_HEADER = YES;
				CLANG_WARN_RANGE_LOOP_ANALYSIS = YES;
				CLANG_WARN_STRICT_PROTOTYPES = YES;
				CLANG_WARN_SUSPICIOUS_MOVE = YES;
				CLANG_WARN_UNGUARDED_AVAILABILITY = YES_AGGRESSIVE;
				CLANG_WARN_UNREACHABLE_CODE = YES;
				CLANG_WARN__DUPLICATE_METHOD_MATCH = YES;
				COPY_PHASE_STRIP = NO;
				DEBUG_INFORMATION_FORMAT = dwarf;
				ENABLE_STRICT_OBJC_MSGSEND = YES;
				ENABLE_TESTABILITY = YES;
				GCC_C_LANGUAGE_STANDARD = gnu11;
				GCC_DYNAMIC_NO_PIC = NO;
				GCC_NO_COMMON_BLOCKS = YES;
				GCC_OPTIMIZATION_LEVEL = 0;
				GCC_PREPROCESSOR_DEFINITIONS = (
					"DEBUG=1",
					"$(inherited)",
				);
				GCC_WARN_64_TO_32_BIT_CONVERSION = YES;
				GCC_WARN_ABOUT_RETURN_TYPE = YES_ERROR;
				GCC_WARN_UNDECLARED_SELECTOR = YES;
				GCC_WARN_UNINITIALIZED_AUTOS = YES_AGGRESSIVE;
				GCC_WARN_UNUSED_FUNCTION = YES;
				GCC_WARN_UNUSED_VARIABLE = YES;
				IPHONEOS_DEPLOYMENT_TARGET = 16.2;
				MTL_ENABLE_DEBUG_INFO = INCLUDE_SOURCE;
				MTL_FAST_MATH = YES;
				ONLY_ACTIVE_ARCH = YES;
				SDKROOT = iphoneos;
				SWIFT_ACTIVE_COMPILATION_CONDITIONS = DEBUG;
				SWIFT_OPTIMIZATION_LEVEL = "-Onone";
			};
			name = Debug;
		};
		4D9156E829CA235300F16FB2 /* Release */ = {
			isa = XCBuildConfiguration;
			buildSettings = {
				ALWAYS_SEARCH_USER_PATHS = NO;
				CLANG_ANALYZER_NONNULL = YES;
				CLANG_ANALYZER_NUMBER_OBJECT_CONVERSION = YES_AGGRESSIVE;
				CLANG_CXX_LANGUAGE_STANDARD = "gnu++20";
				CLANG_ENABLE_MODULES = YES;
				CLANG_ENABLE_OBJC_ARC = YES;
				CLANG_ENABLE_OBJC_WEAK = YES;
				CLANG_WARN_BLOCK_CAPTURE_AUTORELEASING = YES;
				CLANG_WARN_BOOL_CONVERSION = YES;
				CLANG_WARN_COMMA = YES;
				CLANG_WARN_CONSTANT_CONVERSION = YES;
				CLANG_WARN_DEPRECATED_OBJC_IMPLEMENTATIONS = YES;
				CLANG_WARN_DIRECT_OBJC_ISA_USAGE = YES_ERROR;
				CLANG_WARN_DOCUMENTATION_COMMENTS = YES;
				CLANG_WARN_EMPTY_BODY = YES;
				CLANG_WARN_ENUM_CONVERSION = YES;
				CLANG_WARN_INFINITE_RECURSION = YES;
				CLANG_WARN_INT_CONVERSION = YES;
				CLANG_WARN_NON_LITERAL_NULL_CONVERSION = YES;
				CLANG_WARN_OBJC_IMPLICIT_RETAIN_SELF = YES;
				CLANG_WARN_OBJC_LITERAL_CONVERSION = YES;
				CLANG_WARN_OBJC_ROOT_CLASS = YES_ERROR;
				CLANG_WARN_QUOTED_INCLUDE_IN_FRAMEWORK_HEADER = YES;
				CLANG_WARN_RANGE_LOOP_ANALYSIS = YES;
				CLANG_WARN_STRICT_PROTOTYPES = YES;
				CLANG_WARN_SUSPICIOUS_MOVE = YES;
				CLANG_WARN_UNGUARDED_AVAILABILITY = YES_AGGRESSIVE;
				CLANG_WARN_UNREACHABLE_CODE = YES;
				CLANG_WARN__DUPLICATE_METHOD_MATCH = YES;
				COPY_PHASE_STRIP = NO;
				DEBUG_INFORMATION_FORMAT = "dwarf-with-dsym";
				ENABLE_NS_ASSERTIONS = NO;
				ENABLE_STRICT_OBJC_MSGSEND = YES;
				GCC_C_LANGUAGE_STANDARD = gnu11;
				GCC_NO_COMMON_BLOCKS = YES;
				GCC_WARN_64_TO_32_BIT_CONVERSION = YES;
				GCC_WARN_ABOUT_RETURN_TYPE = YES_ERROR;
				GCC_WARN_UNDECLARED_SELECTOR = YES;
				GCC_WARN_UNINITIALIZED_AUTOS = YES_AGGRESSIVE;
				GCC_WARN_UNUSED_FUNCTION = YES;
				GCC_WARN_UNUSED_VARIABLE = YES;
				IPHONEOS_DEPLOYMENT_TARGET = 16.2;
				MTL_ENABLE_DEBUG_INFO = NO;
				MTL_FAST_MATH = YES;
				SDKROOT = iphoneos;
				SWIFT_COMPILATION_MODE = wholemodule;
				SWIFT_OPTIMIZATION_LEVEL = "-O";
				VALIDATE_PRODUCT = YES;
			};
			name = Release;
		};
		4D9156EA29CA235300F16FB2 /* Debug */ = {
			isa = XCBuildConfiguration;
			buildSettings = {
				ASSETCATALOG_COMPILER_APPICON_NAME = AppIcon;
				ASSETCATALOG_COMPILER_GLOBAL_ACCENT_COLOR_NAME = AccentColor;
				CODE_SIGN_STYLE = Automatic;
				CURRENT_PROJECT_VERSION = 1;
				DEVELOPMENT_ASSET_PATHS = "\"Charts1/Preview Content\"";
				DEVELOPMENT_TEAM = H25SL66SWK;
				ENABLE_PREVIEWS = YES;
				GENERATE_INFOPLIST_FILE = YES;
				INFOPLIST_KEY_UIApplicationSceneManifest_Generation = YES;
				INFOPLIST_KEY_UIApplicationSupportsIndirectInputEvents = YES;
				INFOPLIST_KEY_UILaunchScreen_Generation = YES;
				INFOPLIST_KEY_UISupportedInterfaceOrientations_iPad = "UIInterfaceOrientationPortrait UIInterfaceOrientationPortraitUpsideDown UIInterfaceOrientationLandscapeLeft UIInterfaceOrientationLandscapeRight";
				INFOPLIST_KEY_UISupportedInterfaceOrientations_iPhone = "UIInterfaceOrientationPortrait UIInterfaceOrientationLandscapeLeft UIInterfaceOrientationLandscapeRight";
				LD_RUNPATH_SEARCH_PATHS = (
					"$(inherited)",
					"@executable_path/Frameworks",
				);
				MARKETING_VERSION = 1.0;
				PRODUCT_BUNDLE_IDENTIFIER = be.capu.trial2.Charts1;
				PRODUCT_NAME = "$(TARGET_NAME)";
				SWIFT_EMIT_LOC_STRINGS = YES;
				SWIFT_VERSION = 5.0;
				TARGETED_DEVICE_FAMILY = "1,2";
			};
			name = Debug;
		};
		4D9156EB29CA235300F16FB2 /* Release */ = {
			isa = XCBuildConfiguration;
			buildSettings = {
				ASSETCATALOG_COMPILER_APPICON_NAME = AppIcon;
				ASSETCATALOG_COMPILER_GLOBAL_ACCENT_COLOR_NAME = AccentColor;
				CODE_SIGN_STYLE = Automatic;
				CURRENT_PROJECT_VERSION = 1;
				DEVELOPMENT_ASSET_PATHS = "\"Charts1/Preview Content\"";
				DEVELOPMENT_TEAM = H25SL66SWK;
				ENABLE_PREVIEWS = YES;
				GENERATE_INFOPLIST_FILE = YES;
				INFOPLIST_KEY_UIApplicationSceneManifest_Generation = YES;
				INFOPLIST_KEY_UIApplicationSupportsIndirectInputEvents = YES;
				INFOPLIST_KEY_UILaunchScreen_Generation = YES;
				INFOPLIST_KEY_UISupportedInterfaceOrientations_iPad = "UIInterfaceOrientationPortrait UIInterfaceOrientationPortraitUpsideDown UIInterfaceOrientationLandscapeLeft UIInterfaceOrientationLandscapeRight";
				INFOPLIST_KEY_UISupportedInterfaceOrientations_iPhone = "UIInterfaceOrientationPortrait UIInterfaceOrientationLandscapeLeft UIInterfaceOrientationLandscapeRight";
				LD_RUNPATH_SEARCH_PATHS = (
					"$(inherited)",
					"@executable_path/Frameworks",
				);
				MARKETING_VERSION = 1.0;
				PRODUCT_BUNDLE_IDENTIFIER = be.capu.trial2.Charts1;
				PRODUCT_NAME = "$(TARGET_NAME)";
				SWIFT_EMIT_LOC_STRINGS = YES;
				SWIFT_VERSION = 5.0;
				TARGETED_DEVICE_FAMILY = "1,2";
			};
			name = Release;
		};
/* End XCBuildConfiguration section */

/* Begin XCConfigurationList section */
		4D9156D629CA235200F16FB2 /* Build configuration list for PBXProject "Charts1" */ = {
			isa = XCConfigurationList;
			buildConfigurations = (
				4D9156E729CA235300F16FB2 /* Debug */,
				4D9156E829CA235300F16FB2 /* Release */,
			);
			defaultConfigurationIsVisible = 0;
			defaultConfigurationName = Release;
		};
		4D9156E929CA235300F16FB2 /* Build configuration list for PBXNativeTarget "Charts1" */ = {
			isa = XCConfigurationList;
			buildConfigurations = (
				4D9156EA29CA235300F16FB2 /* Debug */,
				4D9156EB29CA235300F16FB2 /* Release */,
			);
			defaultConfigurationIsVisible = 0;
			defaultConfigurationName = Release;
		};
/* End XCConfigurationList section */
	};
	rootObject = 4D9156D329CA235200F16FB2 /* Project object */;
}
